
Microsoft Visual Studio Solution File, Format Version 12.00
# Visual Studio 15
VisualStudioVersion = 15.0.28010.2019
MinimumVisualStudioVersion = 10.0.40219.1
Project("{FAE04EC0-301F-11D3-BF4B-00C04F79EFBC}") = "PolinBas", "PolinBas\PolinBas.csproj", "{683D5C66-9E4E-44A7-A1B4-A6977B98F13A}"
EndProject
Project("{FAE04EC0-301F-11D3-BF4B-00C04F79EFBC}") = "Test", "Test\Test.csproj", "{044014F5-0F76-4915-9F8C-3CD7DE70862B}"
EndProject
Global
	GlobalSection(SolutionConfigurationPlatforms) = preSolution
		Debug|Any CPU = Debug|Any CPU
		Release|Any CPU = Release|Any CPU
	EndGlobalSection
	GlobalSection(ProjectConfigurationPlatforms) = postSolution
		{683D5C66-9E4E-44A7-A1B4-A6977B98F13A}.Debug|Any CPU.ActiveCfg = Debug|Any CPU
		{683D5C66-9E4E-44A7-A1B4-A6977B98F13A}.Debug|Any CPU.Build.0 = Debug|Any CPU
		{683D5C66-9E4E-44A7-A1B4-A6977B98F13A}.Release|Any CPU.ActiveCfg = Release|Any CPU
		{683D5C66-9E4E-44A7-A1B4-A6977B98F13A}.Release|Any CPU.Build.0 = Release|Any CPU
		{044014F5-0F76-4915-9F8C-3CD7DE70862B}.Debug|Any CPU.ActiveCfg = Debug|Any CPU
		{044014F5-0F76-4915-9F8C-3CD7DE70862B}.Debug|Any CPU.Build.0 = Debug|Any CPU
		{044014F5-0F76-4915-9F8C-3CD7DE70862B}.Release|Any CPU.ActiveCfg = Release|Any CPU
		{044014F5-0F76-4915-9F8C-3CD7DE70862B}.Release|Any CPU.Build.0 = Release|Any CPU
	EndGlobalSection
	GlobalSection(SolutionProperties) = preSolution
		HideSolutionNode = FALSE
	EndGlobalSection
	GlobalSection(ExtensibilityGlobals) = postSolution
		SolutionGuid = {4913F7DF-3BC8-495E-996B-E78ED3940C06}
	EndGlobalSection
EndGlobal
